
Microsoft Visual Studio Solution File, Format Version 12.00
# Visual Studio Version 17
VisualStudioVersion = 17.7.34003.232
MinimumVisualStudioVersion = 10.0.40219.1
Project("{2150E333-8FDC-42A3-9474-1A3956D46DE8}") = "src", "src", "{2D856AF8-73E5-461F-AE6F-B96AEF806D82}"
EndProject
Project("{2150E333-8FDC-42A3-9474-1A3956D46DE8}") = "test", "test", "{B57D098E-7232-4348-B857-AA037C0E2E8A}"
EndProject
Project("{2150E333-8FDC-42A3-9474-1A3956D46DE8}") = "Domain", "Domain", "{26B14713-02EC-4D8F-A868-1A253310943A}"
EndProject
Project("{2150E333-8FDC-42A3-9474-1A3956D46DE8}") = "Infrastructure", "Infrastructure", "{2FD88EEC-DB98-464B-A468-4F88B2618422}"
EndProject
Project("{2150E333-8FDC-42A3-9474-1A3956D46DE8}") = "Framework", "Framework", "{31C4511F-48AE-4189-8FB6-431257526560}"
EndProject
Project("{9A19103F-16F7-4668-BE54-9A1E7A4F7556}") = "Framework.Core", "src\Framework\Framework.Core\Framework.Core.csproj", "{EC0DD411-B17D-435B-9906-5B0271FDAE07}"
EndProject
Project("{9A19103F-16F7-4668-BE54-9A1E7A4F7556}") = "Framework.Domain", "src\Framework\Framework.Domain\Framework.Domain.csproj", "{4091EE2E-AAD1-4263-AAAD-743D9FD94469}"
EndProject
Project("{9A19103F-16F7-4668-BE54-9A1E7A4F7556}") = "Scoring.Domain", "src\Domain\Scoring.Domain\Scoring.Domain.csproj", "{A34E0A64-E9E0-4C9E-91EC-38BDC8FB570A}"
EndProject
Project("{9A19103F-16F7-4668-BE54-9A1E7A4F7556}") = "Scoring.Infrastructure.Persistence.Mongo", "src\Infrastructure\Scoring.Infrastructure.Persistence.Mongo\Scoring.Infrastructure.Persistence.Mongo.csproj", "{800052C7-BA40-4ECB-82CC-7D7A83389990}"
EndProject
Project("{9A19103F-16F7-4668-BE54-9A1E7A4F7556}") = "Scoring.Infrastructure.Persistence.Mongo.Tests.Integration", "test\Scoring.Infrastructure.Persistence.Mongo.Tests.Integration\Scoring.Infrastructure.Persistence.Mongo.Tests.Integration.csproj", "{4E5E4DBE-B858-4FF6-A944-8A07EDC7325C}"
EndProject
Project("{9A19103F-16F7-4668-BE54-9A1E7A4F7556}") = "Framework.Persistence.Mongo", "src\Framework\Framework.Persistence.Mongo\Framework.Persistence.Mongo.csproj", "{91A501D2-C420-43DC-AAA1-DE6EF7797713}"
EndProject
Global
	GlobalSection(SolutionConfigurationPlatforms) = preSolution
		Debug|Any CPU = Debug|Any CPU
		Release|Any CPU = Release|Any CPU
	EndGlobalSection
	GlobalSection(ProjectConfigurationPlatforms) = postSolution
		{EC0DD411-B17D-435B-9906-5B0271FDAE07}.Debug|Any CPU.ActiveCfg = Debug|Any CPU
		{EC0DD411-B17D-435B-9906-5B0271FDAE07}.Debug|Any CPU.Build.0 = Debug|Any CPU
		{EC0DD411-B17D-435B-9906-5B0271FDAE07}.Release|Any CPU.ActiveCfg = Release|Any CPU
		{EC0DD411-B17D-435B-9906-5B0271FDAE07}.Release|Any CPU.Build.0 = Release|Any CPU
		{4091EE2E-AAD1-4263-AAAD-743D9FD94469}.Debug|Any CPU.ActiveCfg = Debug|Any CPU
		{4091EE2E-AAD1-4263-AAAD-743D9FD94469}.Debug|Any CPU.Build.0 = Debug|Any CPU
		{4091EE2E-AAD1-4263-AAAD-743D9FD94469}.Release|Any CPU.ActiveCfg = Release|Any CPU
		{4091EE2E-AAD1-4263-AAAD-743D9FD94469}.Release|Any CPU.Build.0 = Release|Any CPU
		{A34E0A64-E9E0-4C9E-91EC-38BDC8FB570A}.Debug|Any CPU.ActiveCfg = Debug|Any CPU
		{A34E0A64-E9E0-4C9E-91EC-38BDC8FB570A}.Debug|Any CPU.Build.0 = Debug|Any CPU
		{A34E0A64-E9E0-4C9E-91EC-38BDC8FB570A}.Release|Any CPU.ActiveCfg = Release|Any CPU
		{A34E0A64-E9E0-4C9E-91EC-38BDC8FB570A}.Release|Any CPU.Build.0 = Release|Any CPU
		{800052C7-BA40-4ECB-82CC-7D7A83389990}.Debug|Any CPU.ActiveCfg = Debug|Any CPU
		{800052C7-BA40-4ECB-82CC-7D7A83389990}.Debug|Any CPU.Build.0 = Debug|Any CPU
		{800052C7-BA40-4ECB-82CC-7D7A83389990}.Release|Any CPU.ActiveCfg = Release|Any CPU
		{800052C7-BA40-4ECB-82CC-7D7A83389990}.Release|Any CPU.Build.0 = Release|Any CPU
		{4E5E4DBE-B858-4FF6-A944-8A07EDC7325C}.Debug|Any CPU.ActiveCfg = Debug|Any CPU
		{4E5E4DBE-B858-4FF6-A944-8A07EDC7325C}.Debug|Any CPU.Build.0 = Debug|Any CPU
		{4E5E4DBE-B858-4FF6-A944-8A07EDC7325C}.Release|Any CPU.ActiveCfg = Release|Any CPU
		{4E5E4DBE-B858-4FF6-A944-8A07EDC7325C}.Release|Any CPU.Build.0 = Release|Any CPU
		{91A501D2-C420-43DC-AAA1-DE6EF7797713}.Debug|Any CPU.ActiveCfg = Debug|Any CPU
		{91A501D2-C420-43DC-AAA1-DE6EF7797713}.Debug|Any CPU.Build.0 = Debug|Any CPU
		{91A501D2-C420-43DC-AAA1-DE6EF7797713}.Release|Any CPU.ActiveCfg = Release|Any CPU
		{91A501D2-C420-43DC-AAA1-DE6EF7797713}.Release|Any CPU.Build.0 = Release|Any CPU
	EndGlobalSection
	GlobalSection(SolutionProperties) = preSolution
		HideSolutionNode = FALSE
	EndGlobalSection
	GlobalSection(NestedProjects) = preSolution
		{26B14713-02EC-4D8F-A868-1A253310943A} = {2D856AF8-73E5-461F-AE6F-B96AEF806D82}
		{2FD88EEC-DB98-464B-A468-4F88B2618422} = {2D856AF8-73E5-461F-AE6F-B96AEF806D82}
		{31C4511F-48AE-4189-8FB6-431257526560} = {2D856AF8-73E5-461F-AE6F-B96AEF806D82}
		{EC0DD411-B17D-435B-9906-5B0271FDAE07} = {31C4511F-48AE-4189-8FB6-431257526560}
		{4091EE2E-AAD1-4263-AAAD-743D9FD94469} = {31C4511F-48AE-4189-8FB6-431257526560}
		{A34E0A64-E9E0-4C9E-91EC-38BDC8FB570A} = {26B14713-02EC-4D8F-A868-1A253310943A}
		{800052C7-BA40-4ECB-82CC-7D7A83389990} = {2FD88EEC-DB98-464B-A468-4F88B2618422}
		{4E5E4DBE-B858-4FF6-A944-8A07EDC7325C} = {B57D098E-7232-4348-B857-AA037C0E2E8A}
		{91A501D2-C420-43DC-AAA1-DE6EF7797713} = {31C4511F-48AE-4189-8FB6-431257526560}
	EndGlobalSection
	GlobalSection(ExtensibilityGlobals) = postSolution
		SolutionGuid = {6F06788B-C921-48F1-9FDE-E1616E167466}
	EndGlobalSection
EndGlobal
